%{
  "cowboy": {:hex, :cowboy, "2.7.0", "91ed100138a764355f43316b1d23d7ff6bdb0de4ea618cb5d8677c93a7a2f115", [:rebar3], [{:cowlib, "~> 2.8.0", [hex: :cowlib, repo: "hexpm", optional: false]}, {:ranch, "~> 1.7.1", [hex: :ranch, repo: "hexpm", optional: false]}], "hexpm", "04fd8c6a39edc6aaa9c26123009200fc61f92a3a94f3178c527b70b767c6e605"},
  "cowlib": {:hex, :cowlib, "2.8.0", "fd0ff1787db84ac415b8211573e9a30a3ebe71b5cbff7f720089972b2319c8a4", [:rebar3], [], "hexpm", "79f954a7021b302186a950a32869dbc185523d99d3e44ce430cd1f3289f41ed4"},
  "dns": {:hex, :dns, "2.1.2", "81c46d39f7934f0e73368355126e4266762cf227ba61d5889635d83b2d64a493", [:mix], [{:socket, "~> 0.3.13", [hex: :socket, repo: "hexpm", optional: false]}], "hexpm", "6818589d8e59c03a2c73001e5cd7a957f99c30a796021aa32445ea14d0f3356b"},
  "elixir_make": {:hex, :elixir_make, "0.6.0", "38349f3e29aff4864352084fc736fa7fa0f2995a819a737554f7ebd28b85aaab", [:mix], [], "hexpm", "d522695b93b7f0b4c0fcb2dfe73a6b905b1c301226a5a55cb42e5b14d509e050"},
  "gen_state_machine": {:hex, :gen_state_machine, "2.0.5", "9ac15ec6e66acac994cc442dcc2c6f9796cf380ec4b08267223014be1c728a95", [:mix], [], "hexpm", "5cacd405e72b2609a7e1f891bddb80c53d0b3b7b0036d1648e7382ca108c41c8"},
  "gettext": {:hex, :gettext, "0.17.4", "f13088e1ec10ce01665cf25f5ff779e7df3f2dc71b37084976cf89d1aa124d5c", [:mix], [], "hexpm", "3c75b5ea8288e2ee7ea503ff9e30dfe4d07ad3c054576a6e60040e79a801e14d"},
  "jason": {:hex, :jason, "1.1.2", "b03dedea67a99223a2eaf9f1264ce37154564de899fd3d8b9a21b1a6fd64afe7", [:mix], [{:decimal, "~> 1.0", [hex: :decimal, repo: "hexpm", optional: true]}], "hexpm", "fdf843bca858203ae1de16da2ee206f53416bbda5dc8c9e78f43243de4bc3afe"},
  "kiosk_system_rpi3": {:hex, :kiosk_system_rpi3, "1.9.1", "48faf9c4513976f2eeba4e8c69cbb3901c2c1c3a3e393d4e5f78ee5890a56637", [:mix], [{:nerves, "~> 1.5.0", [hex: :nerves, repo: "hexpm", optional: false]}, {:nerves_system_br, "1.10.3", [hex: :nerves_system_br, repo: "hexpm", optional: false]}, {:nerves_toolchain_arm_unknown_linux_gnueabihf, "~> 1.3.0", [hex: :nerves_toolchain_arm_unknown_linux_gnueabihf, repo: "hexpm", optional: false]}], "hexpm", "de627ec00b14715d398beacd40d871e890b334123feb818c96074855fe70fed0"},
  "mdns_lite": {:hex, :mdns_lite, "0.6.2", "8e8abcf430c8c5d6e21a1e391a11ed53430128de42f565ec7dfe7e25b53ba0a9", [:mix], [{:dns, "~> 2.1", [hex: :dns, repo: "hexpm", optional: false]}, {:vintage_net, "~> 0.7", [hex: :vintage_net, repo: "hexpm", optional: true]}], "hexpm", "c95a01c4e4f36878d0c927b673f65d766546a155a8fc73c268050796e395ef2f"},
  "mime": {:hex, :mime, "1.3.1", "30ce04ab3175b6ad0bdce0035cba77bba68b813d523d1aac73d9781b4d193cf8", [:mix], [], "hexpm", "6cbe761d6a0ca5a31a0931bf4c63204bceb64538e664a8ecf784a9a6f3b875f1"},
  "muontrap": {:hex, :muontrap, "0.5.1", "98fe96d0e616ee518860803a37a29eb23ffc2ca900047cb1bb7fd37521010093", [:make, :mix], [{:elixir_make, "~> 0.6", [hex: :elixir_make, repo: "hexpm", optional: false]}], "hexpm", "3c11b7f151b202148912c73cbdd633b76fa68fabc26cc441c9d6d140e22290dc"},
  "nerves": {:hex, :nerves, "1.5.4", "d5a2a29a642e92277d5680f40d0fadff17796e75faa82de87ba0bc920ffcf818", [:mix], [{:distillery, "~> 2.1", [hex: :distillery, repo: "hexpm", optional: true]}, {:jason, "~> 1.0", [hex: :jason, repo: "hexpm", optional: true]}], "hexpm", "283ce855f369ff209f3358d25e58f1ac941d58aef3ce7e8cc0be9919d25bf4f5"},
  "nerves_firmware_ssh": {:hex, :nerves_firmware_ssh, "0.4.4", "12b0d9c84ec9f79c1b0ac0de1c575372ef972d0c58ce21c36bf354062c6222d9", [:mix], [{:nerves_runtime, "~> 0.6", [hex: :nerves_runtime, repo: "hexpm", optional: false]}], "hexpm", "98c40104d0d2c6e6e8cce22f8c8fd8ad5b4b97f8694e42a9101ca44befac38f0"},
  "nerves_pack": {:hex, :nerves_pack, "0.3.0", "a8223c5c4502755dc161781c6e00ec84cfd2391d09ab030606c8b25b99643881", [:mix], [{:mdns_lite, "~> 0.6", [hex: :mdns_lite, repo: "hexpm", optional: false]}, {:nerves_firmware_ssh, "~> 0.4", [hex: :nerves_firmware_ssh, repo: "hexpm", optional: false]}, {:nerves_runtime, "~> 0.6", [hex: :nerves_runtime, repo: "hexpm", optional: false]}, {:nerves_time, "~> 0.3", [hex: :nerves_time, repo: "hexpm", optional: false]}, {:ring_logger, "~> 0.8", [hex: :ring_logger, repo: "hexpm", optional: false]}, {:vintage_net, "~> 0.7.0", [hex: :vintage_net, repo: "hexpm", optional: false]}, {:vintage_net_direct, "~> 0.7.0", [hex: :vintage_net_direct, repo: "hexpm", optional: false]}, {:vintage_net_ethernet, "~> 0.7.0", [hex: :vintage_net_ethernet, repo: "hexpm", optional: false]}, {:vintage_net_wifi, "~> 0.7.0", [hex: :vintage_net_wifi, repo: "hexpm", optional: false]}], "hexpm", "507257f47df1d03fb3ca45808625fe4aeab4550479f78bec8ac3425b8f282a43"},
  "nerves_runtime": {:hex, :nerves_runtime, "0.11.0", "96787c3935ec1a4943c8fcd63ce6ed1f2301f5f28eac41db800f3fafe0043f1f", [:make, :mix], [{:elixir_make, "~> 0.6", [hex: :elixir_make, repo: "hexpm", optional: false]}, {:system_registry, "~> 0.8.0", [hex: :system_registry, repo: "hexpm", optional: false]}, {:uboot_env, "~> 0.1.1", [hex: :uboot_env, repo: "hexpm", optional: false]}], "hexpm", "7adc7f7163422bddd569daadcb5d9ceb3010687afcba9f3c147ad17361417d7e"},
  "nerves_system_br": {:hex, :nerves_system_br, "1.10.3", "d71f4fd3dbfcdd46dc4843ea18e9a7768cd2b93f11083e4a6a8e01aafe308f06", [:mix], [], "hexpm", "2c115692c34f1893b0123dd00b5da85b009032d8bdd06155c128a419c5301b09"},
  "nerves_system_linter": {:hex, :nerves_system_linter, "0.3.0", "84e0f63c8ac196b16b77608bbe7df66dcf352845c4e4fb394bffd2b572025413", [:mix], [], "hexpm", "bffbdfb116bc72cde6e408c34c0670b199846e9a8f0953cc1c9f1eea693821a1"},
  "nerves_system_rpi3": {:hex, :nerves_system_rpi3, "1.10.2", "a5efd36ce80940c427c386383cf0ba1d97b839822639573d3788e7cc25febf81", [:mix], [{:nerves, "~> 1.5.0", [hex: :nerves, repo: "hexpm", optional: false]}, {:nerves_system_br, "1.10.2", [hex: :nerves_system_br, repo: "hexpm", optional: false]}, {:nerves_system_linter, "~> 0.3.0", [hex: :nerves_system_linter, repo: "hexpm", optional: false]}, {:nerves_toolchain_arm_unknown_linux_gnueabihf, "1.2.0", [hex: :nerves_toolchain_arm_unknown_linux_gnueabihf, repo: "hexpm", optional: false]}], "hexpm", "12f73065b61d87d0cda023424cf91e37fd64957f726380994c12a8d0fddca5a3"},
  "nerves_time": {:hex, :nerves_time, "0.4.0", "8c2a6be23df71fe331407d1ab0c61334d8159c4acd55f777a0c835a6b6f81483", [:make, :mix], [{:elixir_make, "~> 0.6", [hex: :elixir_make, repo: "hexpm", optional: false]}, {:muontrap, "~> 0.5", [hex: :muontrap, repo: "hexpm", optional: false]}], "hexpm", "51dd7a34fa346647214f94b201cf524b182c62c4f9f44656bc1910823028dd59"},
  "nerves_toolchain_arm_unknown_linux_gnueabihf": {:hex, :nerves_toolchain_arm_unknown_linux_gnueabihf, "1.3.0", "8b36ede318c3b52f4a3a3b2ad175e5df46077fbbf8e0d69062c732a2b52977f8", [:mix], [{:nerves, "~> 1.0", [hex: :nerves, repo: "hexpm", optional: false]}, {:nerves_toolchain_ctng, "~> 1.7.0", [hex: :nerves_toolchain_ctng, repo: "hexpm", optional: false]}], "hexpm", "2afe560364627aacf76973d937c148bf25707c70edde8c51acabe69ef7a2d7b1"},
  "nerves_toolchain_ctng": {:hex, :nerves_toolchain_ctng, "1.7.0", "3e88d5d6cd3e8197121448952b9ccf0c015686245ff26ea85c59b477692ca1ab", [:mix], [{:nerves, "~> 1.0", [hex: :nerves, repo: "hexpm", optional: false]}], "hexpm", "472c21e29ca4cc6cdd20f2a42cca5d013e5d0153076bfc4a12e188ff9f639061"},
  "one_dhcpd": {:hex, :one_dhcpd, "0.2.4", "2664f2e1ac72cbae0474a88d1a3d55019ccc3ee582ded382589511627a8ed516", [:make, :mix], [{:elixir_make, "~> 0.6", [hex: :elixir_make, repo: "hexpm", optional: false]}], "hexpm", "38f08c228d066153dbe352b150910345e395eacd2db3c19085d54c0baeeebacb"},
  "phoenix": {:hex, :phoenix, "1.4.14", "daad685c40579393463ecb87896aa816cdec8ab6fddea2b142f44c24b2414e38", [:mix], [{:jason, "~> 1.0", [hex: :jason, repo: "hexpm", optional: true]}, {:phoenix_pubsub, "~> 1.1", [hex: :phoenix_pubsub, repo: "hexpm", optional: false]}, {:plug, "~> 1.8.1 or ~> 1.9", [hex: :plug, repo: "hexpm", optional: false]}, {:plug_cowboy, "~> 1.0 or ~> 2.0", [hex: :plug_cowboy, repo: "hexpm", optional: true]}, {:telemetry, "~> 0.4", [hex: :telemetry, repo: "hexpm", optional: false]}], "hexpm", "d0495825477b9699a065d1f865d9f5d8711fa5ba09bf8b5b762b58549efc00fa"},
  "phoenix_html": {:hex, :phoenix_html, "2.14.0", "d8c6bc28acc8e65f8ea0080ee05aa13d912c8758699283b8d3427b655aabe284", [:mix], [{:plug, "~> 1.5", [hex: :plug, repo: "hexpm", optional: false]}], "hexpm", "b0bb30eda478a06dbfbe96728061a93833db3861a49ccb516f839ecb08493fbb"},
  "phoenix_live_view": {:hex, :phoenix_live_view, "0.8.1", "fd514b86312d8e363fabf68be5abf966c21fb8ee62d8115a1c14cf0e3bfbd13b", [:mix], [{:jason, "~> 1.0", [hex: :jason, repo: "hexpm", optional: true]}, {:phoenix, "~> 1.4.14", [hex: :phoenix, repo: "hexpm", optional: false]}, {:phoenix_html, "~> 2.14", [hex: :phoenix_html, repo: "hexpm", optional: false]}], "hexpm", "8d90abcced4ffa52226b12b627e549082cd16b29fe982373e6e9997a238df018"},
  "phoenix_pubsub": {:hex, :phoenix_pubsub, "1.1.2", "496c303bdf1b2e98a9d26e89af5bba3ab487ba3a3735f74bf1f4064d2a845a3e", [:mix], [], "hexpm", "1f13f9f0f3e769a667a6b6828d29dec37497a082d195cc52dbef401a9b69bf38"},
  "plug": {:hex, :plug, "1.9.0", "8d7c4e26962283ff9f8f3347bd73838e2413fbc38b7bb5467d5924f68f3a5a4a", [:mix], [{:mime, "~> 1.0", [hex: :mime, repo: "hexpm", optional: false]}, {:plug_crypto, "~> 1.0", [hex: :plug_crypto, repo: "hexpm", optional: false]}, {:telemetry, "~> 0.4", [hex: :telemetry, repo: "hexpm", optional: true]}], "hexpm", "9902eda2c52ada2a096434682e99a2493f5d06a94d6ac6bcfff9805f952350f1"},
  "plug_cowboy": {:hex, :plug_cowboy, "2.1.2", "8b0addb5908c5238fac38e442e81b6fcd32788eaa03246b4d55d147c47c5805e", [:mix], [{:cowboy, "~> 2.5", [hex: :cowboy, repo: "hexpm", optional: false]}, {:plug, "~> 1.7", [hex: :plug, repo: "hexpm", optional: false]}], "hexpm", "7d722581ce865a237e14da6d946f92704101740a256bd13ec91e63c0b122fc70"},
  "plug_crypto": {:hex, :plug_crypto, "1.1.2", "bdd187572cc26dbd95b87136290425f2b580a116d3fb1f564216918c9730d227", [:mix], [], "hexpm", "6b8b608f895b6ffcfad49c37c7883e8df98ae19c6a28113b02aa1e9c5b22d6b5"},
  "ranch": {:hex, :ranch, "1.7.1", "6b1fab51b49196860b733a49c07604465a47bdb78aa10c1c16a3d199f7f8c881", [:rebar3], [], "hexpm", "451d8527787df716d99dc36162fca05934915db0b6141bbdac2ea8d3c7afc7d7"},
  "ring_logger": {:hex, :ring_logger, "0.8.0", "b1baddc269099b2afe2ea3a87b8e2b71e57331c0000038ae55090068aac679db", [:mix], [], "hexpm", "9b2f482e4346c13c11ef555f898202d0ddbfda6e2354e5c6e0559d2b4e0cf781"},
  "shoehorn": {:hex, :shoehorn, "0.6.0", "f9a1b7d6212cf18ba91c4f71c26076059df33cea4db2eb3c098bfa6673349412", [:mix], [{:distillery, "~> 2.1", [hex: :distillery, repo: "hexpm", optional: true]}], "hexpm", "e54a1f58a121caf8f0f3a355686b2661258b1bc0d4fffef8923bd7b11c2f9d79"},
  "socket": {:hex, :socket, "0.3.13", "98a2ab20ce17f95fb512c5cadddba32b57273e0d2dba2d2e5f976c5969d0c632", [:mix], [], "hexpm", "f82ea9833ef49dde272e6568ab8aac657a636acb4cf44a7de8a935acb8957c2e"},
  "system_registry": {:hex, :system_registry, "0.8.2", "df791dc276652fcfb53be4dab823e05f8269b96ac57c26f86a67838dbc0eefe7", [:mix], [], "hexpm", "f7acdede22c73ab0b3735eead7f2095efb2a7a6198366564205274db2ca2a8f8"},
  "telemetry": {:hex, :telemetry, "0.4.1", "ae2718484892448a24470e6aa341bc847c3277bfb8d4e9289f7474d752c09c7f", [:rebar3], [], "hexpm", "4738382e36a0a9a2b6e25d67c960e40e1a2c95560b9f936d8e29de8cd858480f"},
  "toolshed": {:hex, :toolshed, "0.2.11", "0cd5312bd6a48f5b654b6ffa9239a63af9f3d200da414790fe25f066e14842a9", [:mix], [{:nerves_runtime, "~> 0.8", [hex: :nerves_runtime, repo: "hexpm", optional: true]}], "hexpm", "f22ae95d77136f9f7db93cddd40d42bc8252d825f15a772a17d4c7947b6faad5"},
  "uboot_env": {:hex, :uboot_env, "0.1.1", "b01e3ec0973e99473234f27839e29e63b5b81eba6a136a18a78d049d4813d6c5", [:mix], [], "hexpm", "f7b82da0cb40c8db9c9fb1fc977780ab0c28d961ec1f3c7ab265c4352e4141ae"},
  "vintage_net": {:hex, :vintage_net, "0.7.5", "4e843a3f029a32cd5644aa3397bbb1463e123b06848e5a3c99cefc58af395a2a", [:make, :mix], [{:busybox, "~> 0.1.4", [hex: :busybox, repo: "hexpm", optional: true]}, {:elixir_make, "~> 0.6", [hex: :elixir_make, repo: "hexpm", optional: false]}, {:gen_state_machine, "~> 2.0.0", [hex: :gen_state_machine, repo: "hexpm", optional: false]}, {:muontrap, "~> 0.5.1", [hex: :muontrap, repo: "hexpm", optional: false]}], "hexpm", "cc2e3d3d1e5e04a15df32ce624d8c3cccc88432dcada48eccc6de9bec891acc2"},
  "vintage_net_direct": {:hex, :vintage_net_direct, "0.7.0", "6a8d95432fc2fb9a9e0225bf1a6dbb7c1ba097bb509a989e947ad3f44d2b0f28", [:mix], [{:one_dhcpd, "~> 0.2.3", [hex: :one_dhcpd, repo: "hexpm", optional: false]}, {:vintage_net, "~> 0.7.0", [hex: :vintage_net, repo: "hexpm", optional: false]}], "hexpm", "9c091687dccbc379ba3b8de01458a3e911321aa391e2c2ae3be7edadd0c51f76"},
  "vintage_net_ethernet": {:hex, :vintage_net_ethernet, "0.7.0", "b66a4da0846b4a55a471d15d8ab2bedbbef9c75c18f4e511c43777f7cfeffa09", [:mix], [{:vintage_net, "~> 0.7.0", [hex: :vintage_net, repo: "hexpm", optional: false]}], "hexpm", "bff0fa24b153b80dab959a0697777c4de7c3272c387ffa618f73805d66757c3f"},
  "vintage_net_wifi": {:hex, :vintage_net_wifi, "0.7.0", "be3d8275fa40ba357159033523606c74c8f612dbd60801840df60835453a6906", [:make, :mix], [{:elixir_make, "~> 0.6", [hex: :elixir_make, repo: "hexpm", optional: false]}, {:vintage_net, "~> 0.7.0", [hex: :vintage_net, repo: "hexpm", optional: false]}], "hexpm", "a9dfac64705f0b7cd7e0fc2338cf891eef091a49385805d0a42c22fb0aaa7c84"},
  "webengine_kiosk": {:hex, :webengine_kiosk, "0.2.5", "3da89390ae867a2804816e2fa53de8c32c770a2afdeb4b34073f5001c3b4346a", [:make, :mix], [{:elixir_make, "~> 0.6", [hex: :elixir_make, repo: "hexpm", optional: false]}, {:system_registry, "~> 0.8", [hex: :system_registry, repo: "hexpm", optional: true]}], "hexpm", "91972dcc34b883d4dca566377dc8f59cc932d8d34e3f219ee79530ff412ce5d3"},
}
